// !$*UTF8*$!
{
	archiveVersion = 1;
	classes = {
	};
	objectVersion = 77;
	objects = {

/* Begin PBXContainerItemProxy section */
		A5ADC8902CD7133200C3158B /* PBXContainerItemProxy */ = {
			isa = PBXContainerItemProxy;
			containerPortal = A5ADC8712CD7133100C3158B /* Project object */;
			proxyType = 1;
			remoteGlobalIDString = A5ADC8782CD7133100C3158B;
			remoteInfo = "lab 3";
		};
		A5ADC89A2CD7133200C3158B /* PBXContainerItemProxy */ = {
			isa = PBXContainerItemProxy;
			containerPortal = A5ADC8712CD7133100C3158B /* Project object */;
			proxyType = 1;
			remoteGlobalIDString = A5ADC8782CD7133100C3158B;
			remoteInfo = "lab 3";
		};
/* End PBXContainerItemProxy section */

/* Begin PBXFileReference section */
		A5ADC8792CD7133100C3158B /* lab 3.app */ = {isa = PBXFileReference; explicitFileType = wrapper.application; includeInIndex = 0; path = "lab 3.app"; sourceTree = BUILT_PRODUCTS_DIR; };
		A5ADC88F2CD7133200C3158B /* lab 3Tests.xctest */ = {isa = PBXFileReference; explicitFileType = wrapper.cfbundle; includeInIndex = 0; path = "lab 3Tests.xctest"; sourceTree = BUILT_PRODUCTS_DIR; };
		A5ADC8992CD7133200C3158B /* lab 3UITests.xctest */ = {isa = PBXFileReference; explicitFileType = wrapper.cfbundle; includeInIndex = 0; path = "lab 3UITests.xctest"; sourceTree = BUILT_PRODUCTS_DIR; };
/* End PBXFileReference section */

/* Begin PBXFileSystemSynchronizedBuildFileExceptionSet section */
		A5ADC8AE2CD84BD600C3158B /* Exceptions for "lab 3" folder in "lab 3" target */ = {
			isa = PBXFileSystemSynchronizedBuildFileExceptionSet;
			membershipExceptions = (
				Info.plist,
			);
			target = A5ADC8782CD7133100C3158B /* lab 3 */;
		};
/* End PBXFileSystemSynchronizedBuildFileExceptionSet section */

/* Begin PBXFileSystemSynchronizedRootGroup section */
		A5ADC87B2CD7133100C3158B /* lab 3 */ = {
			isa = PBXFileSystemSynchronizedRootGroup;
			exceptions = (
				A5ADC8AE2CD84BD600C3158B /* Exceptions for "lab 3" folder in "lab 3" target */,
			);
			path = "lab 3";
			sourceTree = "<group>";
		};
		A5ADC8922CD7133200C3158B /* lab 3Tests */ = {
			isa = PBXFileSystemSynchronizedRootGroup;
			path = "lab 3Tests";
			sourceTree = "<group>";
		};
		A5ADC89C2CD7133200C3158B /* lab 3UITests */ = {
			isa = PBXFileSystemSynchronizedRootGroup;
			path = "lab 3UITests";
			sourceTree = "<group>";
		};
/* End PBXFileSystemSynchronizedRootGroup section */

/* Begin PBXFrameworksBuildPhase section */
		A5ADC8762CD7133100C3158B /* Frameworks */ = {
			isa = PBXFrameworksBuildPhase;
			buildActionMask = 2147483647;
			files = (
			);
			runOnlyForDeploymentPostprocessing = 0;
		};
		A5ADC88C2CD7133200C3158B /* Frameworks */ = {
			isa = PBXFrameworksBuildPhase;
			buildActionMask = 2147483647;
			files = (
			);
			runOnlyForDeploymentPostprocessing = 0;
		};
		A5ADC8962CD7133200C3158B /* Frameworks */ = {
			isa = PBXFrameworksBuildPhase;
			buildActionMask = 2147483647;
			files = (
			);
			runOnlyForDeploymentPostprocessing = 0;
		};
/* End PBXFrameworksBuildPhase section */

/* Begin PBXGroup section */
		A5ADC8702CD7133100C3158B = {
			isa = PBXGroup;
			children = (
				A5ADC87B2CD7133100C3158B /* lab 3 */,
				A5ADC8922CD7133200C3158B /* lab 3Tests */,
				A5ADC89C2CD7133200C3158B /* lab 3UITests */,
				A5ADC87A2CD7133100C3158B /* Products */,
			);
			sourceTree = "<group>";
		};
		A5ADC87A2CD7133100C3158B /* Products */ = {
			isa = PBXGroup;
			children = (
				A5ADC8792CD7133100C3158B /* lab 3.app */,
				A5ADC88F2CD7133200C3158B /* lab 3Tests.xctest */,
				A5ADC8992CD7133200C3158B /* lab 3UITests.xctest */,
			);
			name = Products;
			sourceTree = "<group>";
		};
/* End PBXGroup section */

/* Begin PBXNativeTarget section */
		A5ADC8782CD7133100C3158B /* lab 3 */ = {
			isa = PBXNativeTarget;
			buildConfigurationList = A5ADC8A22CD7133200C3158B /* Build configuration list for PBXNativeTarget "lab 3" */;
			buildPhases = (
				A5ADC8752CD7133100C3158B /* Sources */,
				A5ADC8762CD7133100C3158B /* Frameworks */,
				A5ADC8772CD7133100C3158B /* Resources */,
			);
			buildRules = (
			);
			dependencies = (
			);
			fileSystemSynchronizedGroups = (
				A5ADC87B2CD7133100C3158B /* lab 3 */,
			);
			name = "lab 3";
			packageProductDependencies = (
			);
			productName = "lab 3";
			productReference = A5ADC8792CD7133100C3158B /* lab 3.app */;
			productType = "com.apple.product-type.application";
		};
		A5ADC88E2CD7133200C3158B /* lab 3Tests */ = {
			isa = PBXNativeTarget;
			buildConfigurationList = A5ADC8A72CD7133200C3158B /* Build configuration list for PBXNativeTarget "lab 3Tests" */;
			buildPhases = (
				A5ADC88B2CD7133200C3158B /* Sources */,
				A5ADC88C2CD7133200C3158B /* Frameworks */,
				A5ADC88D2CD7133200C3158B /* Resources */,
			);
			buildRules = (
			);
			dependencies = (
				A5ADC8912CD7133200C3158B /* PBXTargetDependency */,
			);
			fileSystemSynchronizedGroups = (
				A5ADC8922CD7133200C3158B /* lab 3Tests */,
			);
			name = "lab 3Tests";
			packageProductDependencies = (
			);
			productName = "lab 3Tests";
			productReference = A5ADC88F2CD7133200C3158B /* lab 3Tests.xctest */;
			productType = "com.apple.product-type.bundle.unit-test";
		};
		A5ADC8982CD7133200C3158B /* lab 3UITests */ = {
			isa = PBXNativeTarget;
			buildConfigurationList = A5ADC8AA2CD7133200C3158B /* Build configuration list for PBXNativeTarget "lab 3UITests" */;
			buildPhases = (
				A5ADC8952CD7133200C3158B /* Sources */,
				A5ADC8962CD7133200C3158B /* Frameworks */,
				A5ADC8972CD7133200C3158B /* Resources */,
			);
			buildRules = (
			);
			dependencies = (
				A5ADC89B2CD7133200C3158B /* PBXTargetDependency */,
			);
			fileSystemSynchronizedGroups = (
				A5ADC89C2CD7133200C3158B /* lab 3UITests */,
			);
			name = "lab 3UITests";
			packageProductDependencies = (
			);
			productName = "lab 3UITests";
			productReference = A5ADC8992CD7133200C3158B /* lab 3UITests.xctest */;
			productType = "com.apple.product-type.bundle.ui-testing";
		};
/* End PBXNativeTarget section */

/* Begin PBXProject section */
		A5ADC8712CD7133100C3158B /* Project object */ = {
			isa = PBXProject;
			attributes = {
				BuildIndependentTargetsInParallel = 1;
				LastSwiftUpdateCheck = 1600;
				LastUpgradeCheck = 1600;
				TargetAttributes = {
					A5ADC8782CD7133100C3158B = {
						CreatedOnToolsVersion = 16.0;
					};
					A5ADC88E2CD7133200C3158B = {
						CreatedOnToolsVersion = 16.0;
						TestTargetID = A5ADC8782CD7133100C3158B;
					};
					A5ADC8982CD7133200C3158B = {
						CreatedOnToolsVersion = 16.0;
						TestTargetID = A5ADC8782CD7133100C3158B;
					};
				};
			};
			buildConfigurationList = A5ADC8742CD7133100C3158B /* Build configuration list for PBXProject "lab 3" */;
			developmentRegion = en;
			hasScannedForEncodings = 0;
			knownRegions = (
				en,
				Base,
			);
			mainGroup = A5ADC8702CD7133100C3158B;
			minimizedProjectReferenceProxies = 1;
			preferredProjectObjectVersion = 77;
			productRefGroup = A5ADC87A2CD7133100C3158B /* Products */;
			projectDirPath = "";
			projectRoot = "";
			targets = (
				A5ADC8782CD7133100C3158B /* lab 3 */,
				A5ADC88E2CD7133200C3158B /* lab 3Tests */,
				A5ADC8982CD7133200C3158B /* lab 3UITests */,
			);
		};
/* End PBXProject section */

/* Begin PBXResourcesBuildPhase section */
		A5ADC8772CD7133100C3158B /* Resources */ = {
			isa = PBXResourcesBuildPhase;
			buildActionMask = 2147483647;
			files = (
			);
			runOnlyForDeploymentPostprocessing = 0;
		};
		A5ADC88D2CD7133200C3158B /* Resources */ = {
			isa = PBXResourcesBuildPhase;
			buildActionMask = 2147483647;
			files = (
			);
			runOnlyForDeploymentPostprocessing = 0;
		};
		A5ADC8972CD7133200C3158B /* Resources */ = {
			isa = PBXResourcesBuildPhase;
			buildActionMask = 2147483647;
			files = (
			);
			runOnlyForDeploymentPostprocessing = 0;
		};
/* End PBXResourcesBuildPhase section */

/* Begin PBXSourcesBuildPhase section */
		A5ADC8752CD7133100C3158B /* Sources */ = {
			isa = PBXSourcesBuildPhase;
			buildActionMask = 2147483647;
			files = (
			);
			runOnlyForDeploymentPostprocessing = 0;
		};
		A5ADC88B2CD7133200C3158B /* Sources */ = {
			isa = PBXSourcesBuildPhase;
			buildActionMask = 2147483647;
			files = (
			);
			runOnlyForDeploymentPostprocessing = 0;
		};
		A5ADC8952CD7133200C3158B /* Sources */ = {
			isa = PBXSourcesBuildPhase;
			buildActionMask = 2147483647;
			files = (
			);
			runOnlyForDeploymentPostprocessing = 0;
		};
/* End PBXSourcesBuildPhase section */

/* Begin PBXTargetDependency section */
		A5ADC8912CD7133200C3158B /* PBXTargetDependency */ = {
			isa = PBXTargetDependency;
			target = A5ADC8782CD7133100C3158B /* lab 3 */;
			targetProxy = A5ADC8902CD7133200C3158B /* PBXContainerItemProxy */;
		};
		A5ADC89B2CD7133200C3158B /* PBXTargetDependency */ = {
			isa = PBXTargetDependency;
			target = A5ADC8782CD7133100C3158B /* lab 3 */;
			targetProxy = A5ADC89A2CD7133200C3158B /* PBXContainerItemProxy */;
		};
/* End PBXTargetDependency section */

/* Begin XCBuildConfiguration section */
		A5ADC8A32CD7133200C3158B /* Debug */ = {
			isa = XCBuildConfiguration;
			buildSettings = {
				ASSETCATALOG_COMPILER_APPICON_NAME = AppIcon;
				ASSETCATALOG_COMPILER_GLOBAL_ACCENT_COLOR_NAME = AccentColor;
				CODE_SIGN_STYLE = Automatic;
				CURRENT_PROJECT_VERSION = 1;
				GENERATE_INFOPLIST_FILE = YES;
				INFOPLIST_FILE = "lab 3/Info.plist";
				INFOPLIST_KEY_NSLocationWhenInUseUsageDescription = "Tells User Location";
				INFOPLIST_KEY_UIApplicationSupportsIndirectInputEvents = YES;
				INFOPLIST_KEY_UILaunchStoryboardName = LaunchScreen;
				INFOPLIST_KEY_UIMainStoryboardFile = Main;
				INFOPLIST_KEY_UISupportedInterfaceOrientations_iPad = "UIInterfaceOrientationPortrait UIInterfaceOrientationPortraitUpsideDown UIInterfaceOrientationLandscapeLeft UIInterfaceOrientationLandscapeRight";
				INFOPLIST_KEY_UISupportedInterfaceOrientations_iPhone = "UIInterfaceOrientationPortrait UIInterfaceOrientationLandscapeLeft UIInterfaceOrientationLandscapeRight";
				LD_RUNPATH_SEARCH_PATHS = (
					"$(inherited)",
					"@executable_path/Frameworks",
				);
				MARKETING_VERSION = 1.0;
				PRODUCT_BUNDLE_IDENTIFIER = "com.example.lakshdeepSingh.lab-3";
				PRODUCT_NAME = "$(TARGET_NAME)";
				SWIFT_EMIT_LOC_STRINGS = YES;
				SWIFT_VERSION = 5.0;
				TARGETED_DEVICE_FAMILY = "1,2";
			};
			name = Debug;
		};
		A5ADC8A42CD7133200C3158B /* Release */ = {
			isa = XCBuildConfiguration;
			buildSettings = {
				ASSETCATALOG_COMPILER_APPICON_NAME = AppIcon;
				ASSETCATALOG_COMPILER_GLOBAL_ACCENT_COLOR_NAME = AccentColor;
				CODE_SIGN_STYLE = Automatic;
				CURRENT_PROJECT_VERSION = 1;
				GENERATE_INFOPLIST_FILE = YES;
				INFOPLIST_FILE = "lab 3/Info.plist";
				INFOPLIST_KEY_NSLocationWhenInUseUsageDescription = "Tells User Location";
				INFOPLIST_KEY_UIApplicationSupportsIndirectInputEvents = YES;
				INFOPLIST_KEY_UILaunchStoryboardName = LaunchScreen;
				INFOPLIST_KEY_UIMainStoryboardFile = Main;
				INFOPLIST_KEY_UISupportedInterfaceOrientations_iPad = "UIInterfaceOrientationPortrait UIInterfaceOrientationPortraitUpsideDown UIInterfaceOrientationLandscapeLeft UIInterfaceOrientationLandscapeRight";
				INFOPLIST_KEY_UISupportedInterfaceOrientations_iPhone = "UIInterfaceOrientationPortrait UIInterfaceOrientationLandscapeLeft UIInterfaceOrientationLandscapeRight";
				LD_RUNPATH_SEARCH_PATHS = (
					"$(inherited)",
					"@executable_path/Frameworks",
				);
				MARKETING_VERSION = 1.0;
				PRODUCT_BUNDLE_IDENTIFIER = "com.example.lakshdeepSingh.lab-3";
				PRODUCT_NAME = "$(TARGET_NAME)";
				SWIFT_EMIT_LOC_STRINGS = YES;
				SWIFT_VERSION = 5.0;
				TARGETED_DEVICE_FAMILY = "1,2";
			};
			name = Release;
		};
		A5ADC8A52CD7133200C3158B /* Debug */ = {
			isa = XCBuildConfiguration;
			buildSettings = {
				ALWAYS_SEARCH_USER_PATHS = NO;
				ASSETCATALOG_COMPILER_GENERATE_SWIFT_ASSET_SYMBOL_EXTENSIONS = YES;
				CLANG_ANALYZER_NONNULL = YES;
				CLANG_ANALYZER_NUMBER_OBJECT_CONVERSION = YES_AGGRESSIVE;
				CLANG_CXX_LANGUAGE_STANDARD = "gnu++20";
				CLANG_ENABLE_MODULES = YES;
				CLANG_ENABLE_OBJC_ARC = YES;
				CLANG_ENABLE_OBJC_WEAK = YES;
				CLANG_WARN_BLOCK_CAPTURE_AUTORELEASING = YES;
				CLANG_WARN_BOOL_CONVERSION = YES;
				CLANG_WARN_COMMA = YES;
				CLANG_WARN_CONSTANT_CONVERSION = YES;
				CLANG_WARN_DEPRECATED_OBJC_IMPLEMENTATIONS = YES;
				CLANG_WARN_DIRECT_OBJC_ISA_USAGE = YES_ERROR;
				CLANG_WARN_DOCUMENTATION_COMMENTS = YES;
				CLANG_WARN_EMPTY_BODY = YES;
				CLANG_WARN_ENUM_CONVERSION = YES;
				CLANG_WARN_INFINITE_RECURSION = YES;
				CLANG_WARN_INT_CONVERSION = YES;
				CLANG_WARN_NON_LITERAL_NULL_CONVERSION = YES;
				CLANG_WARN_OBJC_IMPLICIT_RETAIN_SELF = YES;
				CLANG_WARN_OBJC_LITERAL_CONVERSION = YES;
				CLANG_WARN_OBJC_ROOT_CLASS = YES_ERROR;
				CLANG_WARN_QUOTED_INCLUDE_IN_FRAMEWORK_HEADER = YES;
				CLANG_WARN_RANGE_LOOP_ANALYSIS = YES;
				CLANG_WARN_STRICT_PROTOTYPES = YES;
				CLANG_WARN_SUSPICIOUS_MOVE = YES;
				CLANG_WARN_UNGUARDED_AVAILABILITY = YES_AGGRESSIVE;
				CLANG_WARN_UNREACHABLE_CODE = YES;
				CLANG_WARN__DUPLICATE_METHOD_MATCH = YES;
				COPY_PHASE_STRIP = NO;
				DEBUG_INFORMATION_FORMAT = dwarf;
				ENABLE_STRICT_OBJC_MSGSEND = YES;
				ENABLE_TESTABILITY = YES;
				ENABLE_USER_SCRIPT_SANDBOXING = YES;
				GCC_C_LANGUAGE_STANDARD = gnu17;
				GCC_DYNAMIC_NO_PIC = NO;
				GCC_NO_COMMON_BLOCKS = YES;
				GCC_OPTIMIZATION_LEVEL = 0;
				GCC_PREPROCESSOR_DEFINITIONS = (
					"DEBUG=1",
					"$(inherited)",
				);
				GCC_WARN_64_TO_32_BIT_CONVERSION = YES;
				GCC_WARN_ABOUT_RETURN_TYPE = YES_ERROR;
				GCC_WARN_UNDECLARED_SELECTOR = YES;
				GCC_WARN_UNINITIALIZED_AUTOS = YES_AGGRESSIVE;
				GCC_WARN_UNUSED_FUNCTION = YES;
				GCC_WARN_UNUSED_VARIABLE = YES;
				IPHONEOS_DEPLOYMENT_TARGET = 18.0;
				LOCALIZATION_PREFERS_STRING_CATALOGS = YES;
				MTL_ENABLE_DEBUG_INFO = INCLUDE_SOURCE;
				MTL_FAST_MATH = YES;
				ONLY_ACTIVE_ARCH = YES;
				SDKROOT = iphoneos;
				SWIFT_ACTIVE_COMPILATION_CONDITIONS = "DEBUG $(inherited)";
				SWIFT_OPTIMIZATION_LEVEL = "-Onone";
			};
			name = Debug;
		};
		A5ADC8A62CD7133200C3158B /* Release */ = {
			isa = XCBuildConfiguration;
			buildSettings = {
				ALWAYS_SEARCH_USER_PATHS = NO;
				ASSETCATALOG_COMPILER_GENERATE_SWIFT_ASSET_SYMBOL_EXTENSIONS = YES;
				CLANG_ANALYZER_NONNULL = YES;
				CLANG_ANALYZER_NUMBER_OBJECT_CONVERSION = YES_AGGRESSIVE;
				CLANG_CXX_LANGUAGE_STANDARD = "gnu++20";
				CLANG_ENABLE_MODULES = YES;
				CLANG_ENABLE_OBJC_ARC = YES;
				CLANG_ENABLE_OBJC_WEAK = YES;
				CLANG_WARN_BLOCK_CAPTURE_AUTORELEASING = YES;
				CLANG_WARN_BOOL_CONVERSION = YES;
				CLANG_WARN_COMMA = YES;
				CLANG_WARN_CONSTANT_CONVERSION = YES;
				CLANG_WARN_DEPRECATED_OBJC_IMPLEMENTATIONS = YES;
				CLANG_WARN_DIRECT_OBJC_ISA_USAGE = YES_ERROR;
				CLANG_WARN_DOCUMENTATION_COMMENTS = YES;
				CLANG_WARN_EMPTY_BODY = YES;
				CLANG_WARN_ENUM_CONVERSION = YES;
				CLANG_WARN_INFINITE_RECURSION = YES;
				CLANG_WARN_INT_CONVERSION = YES;
				CLANG_WARN_NON_LITERAL_NULL_CONVERSION = YES;
				CLANG_WARN_OBJC_IMPLICIT_RETAIN_SELF = YES;
				CLANG_WARN_OBJC_LITERAL_CONVERSION = YES;
				CLANG_WARN_OBJC_ROOT_CLASS = YES_ERROR;
				CLANG_WARN_QUOTED_INCLUDE_IN_FRAMEWORK_HEADER = YES;
				CLANG_WARN_RANGE_LOOP_ANALYSIS = YES;
				CLANG_WARN_STRICT_PROTOTYPES = YES;
				CLANG_WARN_SUSPICIOUS_MOVE = YES;
				CLANG_WARN_UNGUARDED_AVAILABILITY = YES_AGGRESSIVE;
				CLANG_WARN_UNREACHABLE_CODE = YES;
				CLANG_WARN__DUPLICATE_METHOD_MATCH = YES;
				COPY_PHASE_STRIP = NO;
				DEBUG_INFORMATION_FORMAT = "dwarf-with-dsym";
				ENABLE_NS_ASSERTIONS = NO;
				ENABLE_STRICT_OBJC_MSGSEND = YES;
				ENABLE_USER_SCRIPT_SANDBOXING = YES;
				GCC_C_LANGUAGE_STANDARD = gnu17;
				GCC_NO_COMMON_BLOCKS = YES;
				GCC_WARN_64_TO_32_BIT_CONVERSION = YES;
				GCC_WARN_ABOUT_RETURN_TYPE = YES_ERROR;
				GCC_WARN_UNDECLARED_SELECTOR = YES;
				GCC_WARN_UNINITIALIZED_AUTOS = YES_AGGRESSIVE;
				GCC_WARN_UNUSED_FUNCTION = YES;
				GCC_WARN_UNUSED_VARIABLE = YES;
				IPHONEOS_DEPLOYMENT_TARGET = 18.0;
				LOCALIZATION_PREFERS_STRING_CATALOGS = YES;
				MTL_ENABLE_DEBUG_INFO = NO;
				MTL_FAST_MATH = YES;
				SDKROOT = iphoneos;
				SWIFT_COMPILATION_MODE = wholemodule;
				VALIDATE_PRODUCT = YES;
			};
			name = Release;
		};
		A5ADC8A82CD7133200C3158B /* Debug */ = {
			isa = XCBuildConfiguration;
			buildSettings = {
				BUNDLE_LOADER = "$(TEST_HOST)";
				CODE_SIGN_STYLE = Automatic;
				CURRENT_PROJECT_VERSION = 1;
				GENERATE_INFOPLIST_FILE = YES;
				IPHONEOS_DEPLOYMENT_TARGET = 18.0;
				MARKETING_VERSION = 1.0;
				PRODUCT_BUNDLE_IDENTIFIER = "com.example.lakshdeepSingh.lab-3Tests";
				PRODUCT_NAME = "$(TARGET_NAME)";
				SWIFT_EMIT_LOC_STRINGS = NO;
				SWIFT_VERSION = 5.0;
				TARGETED_DEVICE_FAMILY = "1,2";
				TEST_HOST = "$(BUILT_PRODUCTS_DIR)/lab 3.app/$(BUNDLE_EXECUTABLE_FOLDER_PATH)/lab 3";
			};
			name = Debug;
		};
		A5ADC8A92CD7133200C3158B /* Release */ = {
			isa = XCBuildConfiguration;
			buildSettings = {
				BUNDLE_LOADER = "$(TEST_HOST)";
				CODE_SIGN_STYLE = Automatic;
				CURRENT_PROJECT_VERSION = 1;
				GENERATE_INFOPLIST_FILE = YES;
				IPHONEOS_DEPLOYMENT_TARGET = 18.0;
				MARKETING_VERSION = 1.0;
				PRODUCT_BUNDLE_IDENTIFIER = "com.example.lakshdeepSingh.lab-3Tests";
				PRODUCT_NAME = "$(TARGET_NAME)";
				SWIFT_EMIT_LOC_STRINGS = NO;
				SWIFT_VERSION = 5.0;
				TARGETED_DEVICE_FAMILY = "1,2";
				TEST_HOST = "$(BUILT_PRODUCTS_DIR)/lab 3.app/$(BUNDLE_EXECUTABLE_FOLDER_PATH)/lab 3";
			};
			name = Release;
		};
		A5ADC8AB2CD7133200C3158B /* Debug */ = {
			isa = XCBuildConfiguration;
			buildSettings = {
				CODE_SIGN_STYLE = Automatic;
				CURRENT_PROJECT_VERSION = 1;
				GENERATE_INFOPLIST_FILE = YES;
				MARKETING_VERSION = 1.0;
				PRODUCT_BUNDLE_IDENTIFIER = "com.example.lakshdeepSingh.lab-3UITests";
				PRODUCT_NAME = "$(TARGET_NAME)";
				SWIFT_EMIT_LOC_STRINGS = NO;
				SWIFT_VERSION = 5.0;
				TARGETED_DEVICE_FAMILY = "1,2";
				TEST_TARGET_NAME = "lab 3";
			};
			name = Debug;
		};
		A5ADC8AC2CD7133200C3158B /* Release */ = {
			isa = XCBuildConfiguration;
			buildSettings = {
				CODE_SIGN_STYLE = Automatic;
				CURRENT_PROJECT_VERSION = 1;
				GENERATE_INFOPLIST_FILE = YES;
				MARKETING_VERSION = 1.0;
				PRODUCT_BUNDLE_IDENTIFIER = "com.example.lakshdeepSingh.lab-3UITests";
				PRODUCT_NAME = "$(TARGET_NAME)";
				SWIFT_EMIT_LOC_STRINGS = NO;
				SWIFT_VERSION = 5.0;
				TARGETED_DEVICE_FAMILY = "1,2";
				TEST_TARGET_NAME = "lab 3";
			};
			name = Release;
		};
/* End XCBuildConfiguration section */

/* Begin XCConfigurationList section */
		A5ADC8742CD7133100C3158B /* Build configuration list for PBXProject "lab 3" */ = {
			isa = XCConfigurationList;
			buildConfigurations = (
				A5ADC8A52CD7133200C3158B /* Debug */,
				A5ADC8A62CD7133200C3158B /* Release */,
			);
			defaultConfigurationIsVisible = 0;
			defaultConfigurationName = Release;
		};
		A5ADC8A22CD7133200C3158B /* Build configuration list for PBXNativeTarget "lab 3" */ = {
			isa = XCConfigurationList;
			buildConfigurations = (
				A5ADC8A32CD7133200C3158B /* Debug */,
				A5ADC8A42CD7133200C3158B /* Release */,
			);
			defaultConfigurationIsVisible = 0;
			defaultConfigurationName = Release;
		};
		A5ADC8A72CD7133200C3158B /* Build configuration list for PBXNativeTarget "lab 3Tests" */ = {
			isa = XCConfigurationList;
			buildConfigurations = (
				A5ADC8A82CD7133200C3158B /* Debug */,
				A5ADC8A92CD7133200C3158B /* Release */,
			);
			defaultConfigurationIsVisible = 0;
			defaultConfigurationName = Release;
		};
		A5ADC8AA2CD7133200C3158B /* Build configuration list for PBXNativeTarget "lab 3UITests" */ = {
			isa = XCConfigurationList;
			buildConfigurations = (
				A5ADC8AB2CD7133200C3158B /* Debug */,
				A5ADC8AC2CD7133200C3158B /* Release */,
			);
			defaultConfigurationIsVisible = 0;
			defaultConfigurationName = Release;
		};
/* End XCConfigurationList section */
	};
	rootObject = A5ADC8712CD7133100C3158B /* Project object */;
}
